
Microsoft Visual Studio Solution File, Format Version 12.00
# Visual Studio Version 17
VisualStudioVersion = 17.8.34330.188
MinimumVisualStudioVersion = 10.0.40219.1
Project("{8BC9CEB8-8B4A-11D0-8D11-00A0C91BC942}") = "Program2", "Program2.vcxproj", "{D72A15A0-FE85-45B1-BD83-69E3E60187A4}"
EndProject
Project("{8BC9CEB8-8B4A-11D0-8D11-00A0C91BC942}") = "Class 1th(GetAsyncKeyState)", "..\Class 1th(GetAsignc\Class 1th(GetAsignc.vcxproj", "{34253AA6-B82A-408C-BA1D-C7772E91AC26}"
EndProject
Project("{8BC9CEB8-8B4A-11D0-8D11-00A0C91BC942}") = "Class 2th(double Buffering)", "..\Class 2th()\Class 2th().vcxproj", "{A6071CBA-08DB-47ED-B078-0AA5FE7752A1}"
EndProject
Project("{8BC9CEB8-8B4A-11D0-8D11-00A0C91BC942}") = "Class 3th(maze game)", "..\Class 3th(maze game)\Class 3th(maze game).vcxproj", "{576E7DB2-F535-4AD3-886F-9C0C86E4D128}"
EndProject
Project("{8BC9CEB8-8B4A-11D0-8D11-00A0C91BC942}") = "Class 4th(Input&Output)", "..\Class 4th(Input&Output)\Class 4th(Input&Output).vcxproj", "{5E1BFC15-17AB-42A8-BD03-81549BA27D57}"
EndProject
Global
	GlobalSection(SolutionConfigurationPlatforms) = preSolution
		Debug|x64 = Debug|x64
		Debug|x86 = Debug|x86
		Release|x64 = Release|x64
		Release|x86 = Release|x86
	EndGlobalSection
	GlobalSection(ProjectConfigurationPlatforms) = postSolution
		{D72A15A0-FE85-45B1-BD83-69E3E60187A4}.Debug|x64.ActiveCfg = Debug|x64
		{D72A15A0-FE85-45B1-BD83-69E3E60187A4}.Debug|x64.Build.0 = Debug|x64
		{D72A15A0-FE85-45B1-BD83-69E3E60187A4}.Debug|x86.ActiveCfg = Debug|Win32
		{D72A15A0-FE85-45B1-BD83-69E3E60187A4}.Debug|x86.Build.0 = Debug|Win32
		{D72A15A0-FE85-45B1-BD83-69E3E60187A4}.Release|x64.ActiveCfg = Release|x64
		{D72A15A0-FE85-45B1-BD83-69E3E60187A4}.Release|x64.Build.0 = Release|x64
		{D72A15A0-FE85-45B1-BD83-69E3E60187A4}.Release|x86.ActiveCfg = Release|Win32
		{D72A15A0-FE85-45B1-BD83-69E3E60187A4}.Release|x86.Build.0 = Release|Win32
		{34253AA6-B82A-408C-BA1D-C7772E91AC26}.Debug|x64.ActiveCfg = Debug|x64
		{34253AA6-B82A-408C-BA1D-C7772E91AC26}.Debug|x64.Build.0 = Debug|x64
		{34253AA6-B82A-408C-BA1D-C7772E91AC26}.Debug|x86.ActiveCfg = Debug|Win32
		{34253AA6-B82A-408C-BA1D-C7772E91AC26}.Debug|x86.Build.0 = Debug|Win32
		{34253AA6-B82A-408C-BA1D-C7772E91AC26}.Release|x64.ActiveCfg = Release|x64
		{34253AA6-B82A-408C-BA1D-C7772E91AC26}.Release|x64.Build.0 = Release|x64
		{34253AA6-B82A-408C-BA1D-C7772E91AC26}.Release|x86.ActiveCfg = Release|Win32
		{34253AA6-B82A-408C-BA1D-C7772E91AC26}.Release|x86.Build.0 = Release|Win32
		{A6071CBA-08DB-47ED-B078-0AA5FE7752A1}.Debug|x64.ActiveCfg = Debug|x64
		{A6071CBA-08DB-47ED-B078-0AA5FE7752A1}.Debug|x64.Build.0 = Debug|x64
		{A6071CBA-08DB-47ED-B078-0AA5FE7752A1}.Debug|x86.ActiveCfg = Debug|Win32
		{A6071CBA-08DB-47ED-B078-0AA5FE7752A1}.Debug|x86.Build.0 = Debug|Win32
		{A6071CBA-08DB-47ED-B078-0AA5FE7752A1}.Release|x64.ActiveCfg = Release|x64
		{A6071CBA-08DB-47ED-B078-0AA5FE7752A1}.Release|x64.Build.0 = Release|x64
		{A6071CBA-08DB-47ED-B078-0AA5FE7752A1}.Release|x86.ActiveCfg = Release|Win32
		{A6071CBA-08DB-47ED-B078-0AA5FE7752A1}.Release|x86.Build.0 = Release|Win32
		{576E7DB2-F535-4AD3-886F-9C0C86E4D128}.Debug|x64.ActiveCfg = Debug|x64
		{576E7DB2-F535-4AD3-886F-9C0C86E4D128}.Debug|x64.Build.0 = Debug|x64
		{576E7DB2-F535-4AD3-886F-9C0C86E4D128}.Debug|x86.ActiveCfg = Debug|Win32
		{576E7DB2-F535-4AD3-886F-9C0C86E4D128}.Debug|x86.Build.0 = Debug|Win32
		{576E7DB2-F535-4AD3-886F-9C0C86E4D128}.Release|x64.ActiveCfg = Release|x64
		{576E7DB2-F535-4AD3-886F-9C0C86E4D128}.Release|x64.Build.0 = Release|x64
		{576E7DB2-F535-4AD3-886F-9C0C86E4D128}.Release|x86.ActiveCfg = Release|Win32
		{576E7DB2-F535-4AD3-886F-9C0C86E4D128}.Release|x86.Build.0 = Release|Win32
		{5E1BFC15-17AB-42A8-BD03-81549BA27D57}.Debug|x64.ActiveCfg = Debug|x64
		{5E1BFC15-17AB-42A8-BD03-81549BA27D57}.Debug|x64.Build.0 = Debug|x64
		{5E1BFC15-17AB-42A8-BD03-81549BA27D57}.Debug|x86.ActiveCfg = Debug|Win32
		{5E1BFC15-17AB-42A8-BD03-81549BA27D57}.Debug|x86.Build.0 = Debug|Win32
		{5E1BFC15-17AB-42A8-BD03-81549BA27D57}.Release|x64.ActiveCfg = Release|x64
		{5E1BFC15-17AB-42A8-BD03-81549BA27D57}.Release|x64.Build.0 = Release|x64
		{5E1BFC15-17AB-42A8-BD03-81549BA27D57}.Release|x86.ActiveCfg = Release|Win32
		{5E1BFC15-17AB-42A8-BD03-81549BA27D57}.Release|x86.Build.0 = Release|Win32
	EndGlobalSection
	GlobalSection(SolutionProperties) = preSolution
		HideSolutionNode = FALSE
	EndGlobalSection
	GlobalSection(ExtensibilityGlobals) = postSolution
		SolutionGuid = {73FE22CA-C9D4-4E02-A91D-6D5A8FB82998}
	EndGlobalSection
EndGlobal
